// !$*UTF8*$!
{
	archiveVersion = 1;
	classes = {
	};
	objectVersion = 45;
	objects = {

/* Begin PBXAggregateTarget section */
		EC8EBD741368447E00DC70DF /* Doubango */ = {
			isa = PBXAggregateTarget;
			buildConfigurationList = EC8EBDBC136844A200DC70DF /* Build configuration list for PBXAggregateTarget "Doubango" */;
			buildPhases = (
			);
			dependencies = (
				EC83B7CC13697BA900DD3355 /* PBXTargetDependency */,
				EC83B7CE13697BA900DD3355 /* PBXTargetDependency */,
				EC83B7D013697BA900DD3355 /* PBXTargetDependency */,
				EC83B7D213697BA900DD3355 /* PBXTargetDependency */,
				EC83B7D413697BA900DD3355 /* PBXTargetDependency */,
				EC83B7D613697BA900DD3355 /* PBXTargetDependency */,
				EC83B7D813697BA900DD3355 /* PBXTargetDependency */,
				EC83B7DA13697BA900DD3355 /* PBXTargetDependency */,
				EC83B7DC13697BA900DD3355 /* PBXTargetDependency */,
				EC83B7DE13697BA900DD3355 /* PBXTargetDependency */,
				EC83B7E013697BA900DD3355 /* PBXTargetDependency */,
				EC83B7E213697BA900DD3355 /* PBXTargetDependency */,
				EC83B7E413697BA900DD3355 /* PBXTargetDependency */,
				EC83B7E613697BA900DD3355 /* PBXTargetDependency */,
			);
			name = Doubango;
			productName = Doubango;
		};
		ECB72B5F1373487500C4CA0C /* Ngn */ = {
			isa = PBXAggregateTarget;
			buildConfigurationList = ECB72B681373489800C4CA0C /* Build configuration list for PBXAggregateTarget "Ngn" */;
			buildPhases = (
			);
			dependencies = (
				ECB72B631373487900C4CA0C /* PBXTargetDependency */,
			);
			name = Ngn;
			productName = Ngn;
		};
/* End PBXAggregateTarget section */

/* Begin PBXBuildFile section */
		1D60589B0D05DD56006BFB54 /* main.m in Sources */ = {isa = PBXBuildFile; fileRef = 29B97316FDCFA39411CA2CEA /* main.m */; };
		1D60589F0D05DD5A006BFB54 /* Foundation.framework in Frameworks */ = {isa = PBXBuildFile; fileRef = 1D30AB110D05D00D00671497 /* Foundation.framework */; };
		1DF5F4E00D08C38300B7A737 /* UIKit.framework in Frameworks */ = {isa = PBXBuildFile; fileRef = 1DF5F4DF0D08C38300B7A737 /* UIKit.framework */; };
		282CCBFE0DB6C98000C4EA27 /* SecondView.xib in Resources */ = {isa = PBXBuildFile; fileRef = 282CCBFD0DB6C98000C4EA27 /* SecondView.xib */; };
		2840D7CE1179279E00D7F93C /* FirstView.xib in Resources */ = {isa = PBXBuildFile; fileRef = 2840D7CD1179279E00D7F93C /* FirstView.xib */; };
		288765080DF74369002DB57D /* CoreGraphics.framework in Frameworks */ = {isa = PBXBuildFile; fileRef = 288765070DF74369002DB57D /* CoreGraphics.framework */; };
		EC6AD68B136B3A8E00617B95 /* MainWindow.xib in Resources */ = {isa = PBXBuildFile; fileRef = EC6AD68A136B3A8E00617B95 /* MainWindow.xib */; };
		EC83B7F4136980CC00DD3355 /* idoubsAppDelegate.mm in Sources */ = {isa = PBXBuildFile; fileRef = EC83B7F3136980CC00DD3355 /* idoubsAppDelegate.mm */; };
		EC83B88A13698CEA00DD3355 /* AVFoundation.framework in Frameworks */ = {isa = PBXBuildFile; fileRef = EC83B88913698CEA00DD3355 /* AVFoundation.framework */; };
		EC83B88C13698CEA00DD3355 /* CFNetwork.framework in Frameworks */ = {isa = PBXBuildFile; fileRef = EC83B88B13698CEA00DD3355 /* CFNetwork.framework */; };
		EC83B88E13698CEA00DD3355 /* libresolv.dylib in Frameworks */ = {isa = PBXBuildFile; fileRef = EC83B88D13698CEA00DD3355 /* libresolv.dylib */; };
		EC83B89013698CEA00DD3355 /* libsqlite3.0.dylib in Frameworks */ = {isa = PBXBuildFile; fileRef = EC83B88F13698CEA00DD3355 /* libsqlite3.0.dylib */; };
		EC8EBE07136849E600DC70DF /* RecentsView.xib in Resources */ = {isa = PBXBuildFile; fileRef = EC8EBE06136849E600DC70DF /* RecentsView.xib */; };
		EC8EBE09136849F700DC70DF /* NumPadView.xib in Resources */ = {isa = PBXBuildFile; fileRef = EC8EBE08136849F700DC70DF /* NumPadView.xib */; };
		EC8EBE0B13684A0900DC70DF /* ContactsView.xib in Resources */ = {isa = PBXBuildFile; fileRef = EC8EBE0A13684A0900DC70DF /* ContactsView.xib */; };
		EC8EBE0D13684A1700DC70DF /* MessagesView.xib in Resources */ = {isa = PBXBuildFile; fileRef = EC8EBE0C13684A1700DC70DF /* MessagesView.xib */; };
		EC8EBE6413685F6200DC70DF /* RecentsViewController.mm in Sources */ = {isa = PBXBuildFile; fileRef = EC8EBE6313685F6200DC70DF /* RecentsViewController.mm */; };
		EC8EBE6713685F7600DC70DF /* NumPadViewController.mm in Sources */ = {isa = PBXBuildFile; fileRef = EC8EBE6613685F7600DC70DF /* NumPadViewController.mm */; };
		EC8EBE6A13685F8A00DC70DF /* ContactsViewController.mm in Sources */ = {isa = PBXBuildFile; fileRef = EC8EBE6913685F8A00DC70DF /* ContactsViewController.mm */; };
		EC8EBE6D13685F9900DC70DF /* MessagesViewController.mm in Sources */ = {isa = PBXBuildFile; fileRef = EC8EBE6C13685F9900DC70DF /* MessagesViewController.mm */; };
		EC8EBE9D1368651200DC70DF /* OnlineViewController.mm in Sources */ = {isa = PBXBuildFile; fileRef = EC8EBE9B1368651200DC70DF /* OnlineViewController.mm */; };
		EC8EBE9E1368651200DC70DF /* OnlineView.xib in Resources */ = {isa = PBXBuildFile; fileRef = EC8EBE9C1368651200DC70DF /* OnlineView.xib */; };
		ECE113B31376F66C00096382 /* libios_ngn_stack.a in Frameworks */ = {isa = PBXBuildFile; fileRef = EC8EBEF91368921400DC70DF /* libios_ngn_stack.a */; };
		ECE113B41376F66C00096382 /* libtinySAK.a in Frameworks */ = {isa = PBXBuildFile; fileRef = EC8EBEFB1368921400DC70DF /* libtinySAK.a */; };
		ECE113B51376F66C00096382 /* libtinyNET.a in Frameworks */ = {isa = PBXBuildFile; fileRef = EC8EBEFD1368921400DC70DF /* libtinyNET.a */; };
		ECE113B61376F66C00096382 /* libtinySDP.a in Frameworks */ = {isa = PBXBuildFile; fileRef = EC8EBEFF1368921400DC70DF /* libtinySDP.a */; };
		ECE113B71376F66C00096382 /* libtinyRTP.a in Frameworks */ = {isa = PBXBuildFile; fileRef = EC8EBF011368921400DC70DF /* libtinyRTP.a */; };
		ECE113B81376F66C00096382 /* libtinyIPSec.a in Frameworks */ = {isa = PBXBuildFile; fileRef = EC8EBF031368921400DC70DF /* libtinyIPSec.a */; };
		ECE113B91376F66C00096382 /* libtinyMSRP.a in Frameworks */ = {isa = PBXBuildFile; fileRef = EC8EBF051368921400DC70DF /* libtinyMSRP.a */; };
		ECE113BA1376F66C00096382 /* libtinyHTTP.a in Frameworks */ = {isa = PBXBuildFile; fileRef = EC8EBF071368921400DC70DF /* libtinyHTTP.a */; };
		ECE113BB1376F66C00096382 /* libtinyMEDIA.a in Frameworks */ = {isa = PBXBuildFile; fileRef = EC8EBF091368921400DC70DF /* libtinyMEDIA.a */; };
		ECE113BC1376F66C00096382 /* libtinySIGCOMP.a in Frameworks */ = {isa = PBXBuildFile; fileRef = EC8EBF0B1368921400DC70DF /* libtinySIGCOMP.a */; };
		ECE113BD1376F66C00096382 /* libtinySMS.a in Frameworks */ = {isa = PBXBuildFile; fileRef = EC8EBF0D1368921400DC70DF /* libtinySMS.a */; };
		ECE113BE1376F66C00096382 /* libtinyXCAP.a in Frameworks */ = {isa = PBXBuildFile; fileRef = EC8EBF0F1368921400DC70DF /* libtinyXCAP.a */; };
		ECE113BF1376F66C00096382 /* libtinySIP.a in Frameworks */ = {isa = PBXBuildFile; fileRef = EC8EBF111368921400DC70DF /* libtinySIP.a */; };
		ECE113C01376F66C00096382 /* libtinyDAV.a in Frameworks */ = {isa = PBXBuildFile; fileRef = EC8EBF131368921400DC70DF /* libtinyDAV.a */; };
		ECE113C11376F66C00096382 /* libtinyWRAP.a in Frameworks */ = {isa = PBXBuildFile; fileRef = EC8EBF151368921400DC70DF /* libtinyWRAP.a */; };
/* End PBXBuildFile section */

/* Begin PBXContainerItemProxy section */
		EC81BD56136C5B3E0068BCB4 /* PBXContainerItemProxy */ = {
			isa = PBXContainerItemProxy;
			containerPortal = EC8EBEE51368921400DC70DF /* ios-ngn-stack.xcodeproj */;
			proxyType = 2;
			remoteGlobalIDString = EC81BD50136C5B3D0068BCB4;
			remoteInfo = testAudioUnit;
		};
		EC83B7CB13697BA900DD3355 /* PBXContainerItemProxy */ = {
			isa = PBXContainerItemProxy;
			containerPortal = EC8EBEE51368921400DC70DF /* ios-ngn-stack.xcodeproj */;
			proxyType = 1;
			remoteGlobalIDString = ECFD2425135D584100E6A9A3;
			remoteInfo = tinySAK;
		};
		EC83B7CD13697BA900DD3355 /* PBXContainerItemProxy */ = {
			isa = PBXContainerItemProxy;
			containerPortal = EC8EBEE51368921400DC70DF /* ios-ngn-stack.xcodeproj */;
			proxyType = 1;
			remoteGlobalIDString = ECFD24EC135D58EB00E6A9A3;
			remoteInfo = tinyNET;
		};
		EC83B7CF13697BA900DD3355 /* PBXContainerItemProxy */ = {
			isa = PBXContainerItemProxy;
			containerPortal = EC8EBEE51368921400DC70DF /* ios-ngn-stack.xcodeproj */;
			proxyType = 1;
			remoteGlobalIDString = ECFD25F6135D5CD100E6A9A3;
			remoteInfo = tinySDP;
		};
		EC83B7D113697BA900DD3355 /* PBXContainerItemProxy */ = {
			isa = PBXContainerItemProxy;
			containerPortal = EC8EBEE51368921400DC70DF /* ios-ngn-stack.xcodeproj */;
			proxyType = 1;
			remoteGlobalIDString = ECFD2692135D5DDD00E6A9A3;
			remoteInfo = tinyRTP;
		};
		EC83B7D313697BA900DD3355 /* PBXContainerItemProxy */ = {
			isa = PBXContainerItemProxy;
			containerPortal = EC8EBEE51368921400DC70DF /* ios-ngn-stack.xcodeproj */;
			proxyType = 1;
			remoteGlobalIDString = ECFD2766135E79B800E6A9A3;
			remoteInfo = tinyIPSec;
		};
		EC83B7D513697BA900DD3355 /* PBXContainerItemProxy */ = {
			isa = PBXContainerItemProxy;
			containerPortal = EC8EBEE51368921400DC70DF /* ios-ngn-stack.xcodeproj */;
			proxyType = 1;
			remoteGlobalIDString = ECFD279A135E7A0200E6A9A3;
			remoteInfo = tinyMSRP;
		};
		EC83B7D713697BA900DD3355 /* PBXContainerItemProxy */ = {
			isa = PBXContainerItemProxy;
			containerPortal = EC8EBEE51368921400DC70DF /* ios-ngn-stack.xcodeproj */;
			proxyType = 1;
			remoteGlobalIDString = ECFD2850135E7ABA00E6A9A3;
			remoteInfo = tinyHTTP;
		};
		EC83B7D913697BA900DD3355 /* PBXContainerItemProxy */ = {
			isa = PBXContainerItemProxy;
			containerPortal = EC8EBEE51368921400DC70DF /* ios-ngn-stack.xcodeproj */;
			proxyType = 1;
			remoteGlobalIDString = ECFD2CDD135E7C7D00E6A9A3;
			remoteInfo = tinyMEDIA;
		};
		EC83B7DB13697BA900DD3355 /* PBXContainerItemProxy */ = {
			isa = PBXContainerItemProxy;
			containerPortal = EC8EBEE51368921400DC70DF /* ios-ngn-stack.xcodeproj */;
			proxyType = 1;
			remoteGlobalIDString = ECFD2D59135E7CD800E6A9A3;
			remoteInfo = tinySIGCOMP;
		};
		EC83B7DD13697BA900DD3355 /* PBXContainerItemProxy */ = {
			isa = PBXContainerItemProxy;
			containerPortal = EC8EBEE51368921400DC70DF /* ios-ngn-stack.xcodeproj */;
			proxyType = 1;
			remoteGlobalIDString = ECFD2E01135E7D1000E6A9A3;
			remoteInfo = tinySMS;
		};
		EC83B7DF13697BA900DD3355 /* PBXContainerItemProxy */ = {
			isa = PBXContainerItemProxy;
			containerPortal = EC8EBEE51368921400DC70DF /* ios-ngn-stack.xcodeproj */;
			proxyType = 1;
			remoteGlobalIDString = ECFD2E5A135E7D3600E6A9A3;
			remoteInfo = tinyXCAP;
		};
		EC83B7E113697BA900DD3355 /* PBXContainerItemProxy */ = {
			isa = PBXContainerItemProxy;
			containerPortal = EC8EBEE51368921400DC70DF /* ios-ngn-stack.xcodeproj */;
			proxyType = 1;
			remoteGlobalIDString = ECFD2E99135E7D6D00E6A9A3;
			remoteInfo = tinySIP;
		};
		EC83B7E313697BA900DD3355 /* PBXContainerItemProxy */ = {
			isa = PBXContainerItemProxy;
			containerPortal = EC8EBEE51368921400DC70DF /* ios-ngn-stack.xcodeproj */;
			proxyType = 1;
			remoteGlobalIDString = ECFD3170135E7DA100E6A9A3;
			remoteInfo = tinyDAV;
		};
		EC83B7E513697BA900DD3355 /* PBXContainerItemProxy */ = {
			isa = PBXContainerItemProxy;
			containerPortal = EC8EBEE51368921400DC70DF /* ios-ngn-stack.xcodeproj */;
			proxyType = 1;
			remoteGlobalIDString = ECFD32AD135E821000E6A9A3;
			remoteInfo = tinyWRAP;
		};
		EC83B8071369822300DD3355 /* PBXContainerItemProxy */ = {
			isa = PBXContainerItemProxy;
			containerPortal = EC8EBEE51368921400DC70DF /* ios-ngn-stack.xcodeproj */;
			proxyType = 1;
			remoteGlobalIDString = ECFD2425135D584100E6A9A3;
			remoteInfo = tinySAK;
		};
		EC83B8171369851A00DD3355 /* PBXContainerItemProxy */ = {
			isa = PBXContainerItemProxy;
			containerPortal = EC8EBEE51368921400DC70DF /* ios-ngn-stack.xcodeproj */;
			proxyType = 1;
			remoteGlobalIDString = ECFD24EC135D58EB00E6A9A3;
			remoteInfo = tinyNET;
		};
		EC83B8191369851A00DD3355 /* PBXContainerItemProxy */ = {
			isa = PBXContainerItemProxy;
			containerPortal = EC8EBEE51368921400DC70DF /* ios-ngn-stack.xcodeproj */;
			proxyType = 1;
			remoteGlobalIDString = ECFD25F6135D5CD100E6A9A3;
			remoteInfo = tinySDP;
		};
		EC83B81B1369851A00DD3355 /* PBXContainerItemProxy */ = {
			isa = PBXContainerItemProxy;
			containerPortal = EC8EBEE51368921400DC70DF /* ios-ngn-stack.xcodeproj */;
			proxyType = 1;
			remoteGlobalIDString = ECFD2692135D5DDD00E6A9A3;
			remoteInfo = tinyRTP;
		};
		EC83B81D1369851A00DD3355 /* PBXContainerItemProxy */ = {
			isa = PBXContainerItemProxy;
			containerPortal = EC8EBEE51368921400DC70DF /* ios-ngn-stack.xcodeproj */;
			proxyType = 1;
			remoteGlobalIDString = ECFD2766135E79B800E6A9A3;
			remoteInfo = tinyIPSec;
		};
		EC83B81F1369851A00DD3355 /* PBXContainerItemProxy */ = {
			isa = PBXContainerItemProxy;
			containerPortal = EC8EBEE51368921400DC70DF /* ios-ngn-stack.xcodeproj */;
			proxyType = 1;
			remoteGlobalIDString = ECFD279A135E7A0200E6A9A3;
			remoteInfo = tinyMSRP;
		};
		EC83B8211369851A00DD3355 /* PBXContainerItemProxy */ = {
			isa = PBXContainerItemProxy;
			containerPortal = EC8EBEE51368921400DC70DF /* ios-ngn-stack.xcodeproj */;
			proxyType = 1;
			remoteGlobalIDString = ECFD2850135E7ABA00E6A9A3;
			remoteInfo = tinyHTTP;
		};
		EC83B8231369851A00DD3355 /* PBXContainerItemProxy */ = {
			isa = PBXContainerItemProxy;
			containerPortal = EC8EBEE51368921400DC70DF /* ios-ngn-stack.xcodeproj */;
			proxyType = 1;
			remoteGlobalIDString = ECFD2CDD135E7C7D00E6A9A3;
			remoteInfo = tinyMEDIA;
		};
		EC83B8251369851A00DD3355 /* PBXContainerItemProxy */ = {
			isa = PBXContainerItemProxy;
			containerPortal = EC8EBEE51368921400DC70DF /* ios-ngn-stack.xcodeproj */;
			proxyType = 1;
			remoteGlobalIDString = ECFD2D59135E7CD800E6A9A3;
			remoteInfo = tinySIGCOMP;
		};
		EC83B8271369851A00DD3355 /* PBXContainerItemProxy */ = {
			isa = PBXContainerItemProxy;
			containerPortal = EC8EBEE51368921400DC70DF /* ios-ngn-stack.xcodeproj */;
			proxyType = 1;
			remoteGlobalIDString = ECFD2E01135E7D1000E6A9A3;
			remoteInfo = tinySMS;
		};
		EC83B8291369851A00DD3355 /* PBXContainerItemProxy */ = {
			isa = PBXContainerItemProxy;
			containerPortal = EC8EBEE51368921400DC70DF /* ios-ngn-stack.xcodeproj */;
			proxyType = 1;
			remoteGlobalIDString = ECFD2E5A135E7D3600E6A9A3;
			remoteInfo = tinyXCAP;
		};
		EC83B82B1369851A00DD3355 /* PBXContainerItemProxy */ = {
			isa = PBXContainerItemProxy;
			containerPortal = EC8EBEE51368921400DC70DF /* ios-ngn-stack.xcodeproj */;
			proxyType = 1;
			remoteGlobalIDString = ECFD2E99135E7D6D00E6A9A3;
			remoteInfo = tinySIP;
		};
		EC83B82D1369851A00DD3355 /* PBXContainerItemProxy */ = {
			isa = PBXContainerItemProxy;
			containerPortal = EC8EBEE51368921400DC70DF /* ios-ngn-stack.xcodeproj */;
			proxyType = 1;
			remoteGlobalIDString = ECFD3170135E7DA100E6A9A3;
			remoteInfo = tinyDAV;
		};
		EC83B82F1369851A00DD3355 /* PBXContainerItemProxy */ = {
			isa = PBXContainerItemProxy;
			containerPortal = EC8EBEE51368921400DC70DF /* ios-ngn-stack.xcodeproj */;
			proxyType = 1;
			remoteGlobalIDString = ECFD32AD135E821000E6A9A3;
			remoteInfo = tinyWRAP;
		};
		EC83BA30136990F800DD3355 /* PBXContainerItemProxy */ = {
			isa = PBXContainerItemProxy;
			containerPortal = EC8EBEE51368921400DC70DF /* ios-ngn-stack.xcodeproj */;
			proxyType = 2;
			remoteGlobalIDString = EC83BA14136990B700DD3355;
			remoteInfo = testRegistration;
		};
		EC83BA32136990F800DD3355 /* PBXContainerItemProxy */ = {
			isa = PBXContainerItemProxy;
			containerPortal = EC8EBEE51368921400DC70DF /* ios-ngn-stack.xcodeproj */;
			proxyType = 2;
			remoteGlobalIDString = EC83BA1C136990C800DD3355;
			remoteInfo = testAudioCall;
		};
		EC83BA34136990F800DD3355 /* PBXContainerItemProxy */ = {
			isa = PBXContainerItemProxy;
			containerPortal = EC8EBEE51368921400DC70DF /* ios-ngn-stack.xcodeproj */;
			proxyType = 2;
			remoteGlobalIDString = EC83BA27136990DA00DD3355;
			remoteInfo = testVideoCall;
		};
		EC8EBEF81368921400DC70DF /* PBXContainerItemProxy */ = {
			isa = PBXContainerItemProxy;
			containerPortal = EC8EBEE51368921400DC70DF /* ios-ngn-stack.xcodeproj */;
			proxyType = 2;
			remoteGlobalIDString = D2AAC07E0554694100DB518D;
			remoteInfo = "ios-ngn-stack";
		};
		EC8EBEFA1368921400DC70DF /* PBXContainerItemProxy */ = {
			isa = PBXContainerItemProxy;
			containerPortal = EC8EBEE51368921400DC70DF /* ios-ngn-stack.xcodeproj */;
			proxyType = 2;
			remoteGlobalIDString = ECFD2426135D584100E6A9A3;
			remoteInfo = tinySAK;
		};
		EC8EBEFC1368921400DC70DF /* PBXContainerItemProxy */ = {
			isa = PBXContainerItemProxy;
			containerPortal = EC8EBEE51368921400DC70DF /* ios-ngn-stack.xcodeproj */;
			proxyType = 2;
			remoteGlobalIDString = ECFD24ED135D58EB00E6A9A3;
			remoteInfo = tinyNET;
		};
		EC8EBEFE1368921400DC70DF /* PBXContainerItemProxy */ = {
			isa = PBXContainerItemProxy;
			containerPortal = EC8EBEE51368921400DC70DF /* ios-ngn-stack.xcodeproj */;
			proxyType = 2;
			remoteGlobalIDString = ECFD25F7135D5CD100E6A9A3;
			remoteInfo = tinySDP;
		};
		EC8EBF001368921400DC70DF /* PBXContainerItemProxy */ = {
			isa = PBXContainerItemProxy;
			containerPortal = EC8EBEE51368921400DC70DF /* ios-ngn-stack.xcodeproj */;
			proxyType = 2;
			remoteGlobalIDString = ECFD2693135D5DDD00E6A9A3;
			remoteInfo = tinyRTP;
		};
		EC8EBF021368921400DC70DF /* PBXContainerItemProxy */ = {
			isa = PBXContainerItemProxy;
			containerPortal = EC8EBEE51368921400DC70DF /* ios-ngn-stack.xcodeproj */;
			proxyType = 2;
			remoteGlobalIDString = ECFD2767135E79B800E6A9A3;
			remoteInfo = tinyIPSec;
		};
		EC8EBF041368921400DC70DF /* PBXContainerItemProxy */ = {
			isa = PBXContainerItemProxy;
			containerPortal = EC8EBEE51368921400DC70DF /* ios-ngn-stack.xcodeproj */;
			proxyType = 2;
			remoteGlobalIDString = ECFD279B135E7A0200E6A9A3;
			remoteInfo = tinyMSRP;
		};
		EC8EBF061368921400DC70DF /* PBXContainerItemProxy */ = {
			isa = PBXContainerItemProxy;
			containerPortal = EC8EBEE51368921400DC70DF /* ios-ngn-stack.xcodeproj */;
			proxyType = 2;
			remoteGlobalIDString = ECFD2851135E7ABA00E6A9A3;
			remoteInfo = tinyHTTP;
		};
		EC8EBF081368921400DC70DF /* PBXContainerItemProxy */ = {
			isa = PBXContainerItemProxy;
			containerPortal = EC8EBEE51368921400DC70DF /* ios-ngn-stack.xcodeproj */;
			proxyType = 2;
			remoteGlobalIDString = ECFD2CDE135E7C7D00E6A9A3;
			remoteInfo = tinyMEDIA;
		};
		EC8EBF0A1368921400DC70DF /* PBXContainerItemProxy */ = {
			isa = PBXContainerItemProxy;
			containerPortal = EC8EBEE51368921400DC70DF /* ios-ngn-stack.xcodeproj */;
			proxyType = 2;
			remoteGlobalIDString = ECFD2D5A135E7CD800E6A9A3;
			remoteInfo = tinySIGCOMP;
		};
		EC8EBF0C1368921400DC70DF /* PBXContainerItemProxy */ = {
			isa = PBXContainerItemProxy;
			containerPortal = EC8EBEE51368921400DC70DF /* ios-ngn-stack.xcodeproj */;
			proxyType = 2;
			remoteGlobalIDString = ECFD2E02135E7D1000E6A9A3;
			remoteInfo = tinySMS;
		};
		EC8EBF0E1368921400DC70DF /* PBXContainerItemProxy */ = {
			isa = PBXContainerItemProxy;
			containerPortal = EC8EBEE51368921400DC70DF /* ios-ngn-stack.xcodeproj */;
			proxyType = 2;
			remoteGlobalIDString = ECFD2E5B135E7D3600E6A9A3;
			remoteInfo = tinyXCAP;
		};
		EC8EBF101368921400DC70DF /* PBXContainerItemProxy */ = {
			isa = PBXContainerItemProxy;
			containerPortal = EC8EBEE51368921400DC70DF /* ios-ngn-stack.xcodeproj */;
			proxyType = 2;
			remoteGlobalIDString = ECFD2E9A135E7D6D00E6A9A3;
			remoteInfo = tinySIP;
		};
		EC8EBF121368921400DC70DF /* PBXContainerItemProxy */ = {
			isa = PBXContainerItemProxy;
			containerPortal = EC8EBEE51368921400DC70DF /* ios-ngn-stack.xcodeproj */;
			proxyType = 2;
			remoteGlobalIDString = ECFD3171135E7DA100E6A9A3;
			remoteInfo = tinyDAV;
		};
		EC8EBF141368921400DC70DF /* PBXContainerItemProxy */ = {
			isa = PBXContainerItemProxy;
			containerPortal = EC8EBEE51368921400DC70DF /* ios-ngn-stack.xcodeproj */;
			proxyType = 2;
			remoteGlobalIDString = ECFD32AE135E821000E6A9A3;
			remoteInfo = tinyWRAP;
		};
		EC8EBF1C136893A500DC70DF /* PBXContainerItemProxy */ = {
			isa = PBXContainerItemProxy;
			containerPortal = EC8EBEE51368921400DC70DF /* ios-ngn-stack.xcodeproj */;
			proxyType = 1;
			remoteGlobalIDString = D2AAC07D0554694100DB518D;
			remoteInfo = "ios-ngn-stack";
		};
		ECB72B621373487900C4CA0C /* PBXContainerItemProxy */ = {
			isa = PBXContainerItemProxy;
			containerPortal = EC8EBEE51368921400DC70DF /* ios-ngn-stack.xcodeproj */;
			proxyType = 1;
			remoteGlobalIDString = D2AAC07D0554694100DB518D;
			remoteInfo = "ios-ngn-stack";
		};
/* End PBXContainerItemProxy section */

/* Begin PBXFileReference section */
		1D30AB110D05D00D00671497 /* Foundation.framework */ = {isa = PBXFileReference; lastKnownFileType = wrapper.framework; name = Foundation.framework; path = System/Library/Frameworks/Foundation.framework; sourceTree = SDKROOT; };
		1D3623240D0F684500981E51 /* idoubsAppDelegate.h */ = {isa = PBXFileReference; fileEncoding = 4; lastKnownFileType = sourcecode.c.h; path = idoubsAppDelegate.h; sourceTree = "<group>"; };
		1D6058910D05DD3D006BFB54 /* idoubs.app */ = {isa = PBXFileReference; explicitFileType = wrapper.application; includeInIndex = 0; path = idoubs.app; sourceTree = BUILT_PRODUCTS_DIR; };
		1DF5F4DF0D08C38300B7A737 /* UIKit.framework */ = {isa = PBXFileReference; lastKnownFileType = wrapper.framework; name = UIKit.framework; path = System/Library/Frameworks/UIKit.framework; sourceTree = SDKROOT; };
		282CCBFD0DB6C98000C4EA27 /* SecondView.xib */ = {isa = PBXFileReference; lastKnownFileType = file.xib; path = SecondView.xib; sourceTree = "<group>"; };
		2840D7CD1179279E00D7F93C /* FirstView.xib */ = {isa = PBXFileReference; lastKnownFileType = file.xib; path = FirstView.xib; sourceTree = "<group>"; };
		288765070DF74369002DB57D /* CoreGraphics.framework */ = {isa = PBXFileReference; lastKnownFileType = wrapper.framework; name = CoreGraphics.framework; path = System/Library/Frameworks/CoreGraphics.framework; sourceTree = SDKROOT; };
		28A0AB4B0D9B1048005BE974 /* idoubs_Prefix.pch */ = {isa = PBXFileReference; fileEncoding = 4; lastKnownFileType = sourcecode.c.h; path = idoubs_Prefix.pch; sourceTree = "<group>"; };
		29B97316FDCFA39411CA2CEA /* main.m */ = {isa = PBXFileReference; fileEncoding = 4; lastKnownFileType = sourcecode.c.objc; path = main.m; sourceTree = "<group>"; };
		8D1107310486CEB800E47090 /* idoubs-Info.plist */ = {isa = PBXFileReference; fileEncoding = 4; lastKnownFileType = text.plist.xml; path = "idoubs-Info.plist"; plistStructureDefinitionIdentifier = "com.apple.xcode.plist.structure-definition.iphone.info-plist"; sourceTree = "<group>"; };
		EC6AD68A136B3A8E00617B95 /* MainWindow.xib */ = {isa = PBXFileReference; lastKnownFileType = file.xib; path = MainWindow.xib; sourceTree = "<group>"; };
		EC83B7F3136980CC00DD3355 /* idoubsAppDelegate.mm */ = {isa = PBXFileReference; fileEncoding = 4; lastKnownFileType = sourcecode.cpp.objcpp; path = idoubsAppDelegate.mm; sourceTree = "<group>"; };
		EC83B88913698CEA00DD3355 /* AVFoundation.framework */ = {isa = PBXFileReference; lastKnownFileType = wrapper.framework; name = AVFoundation.framework; path = System/Library/Frameworks/AVFoundation.framework; sourceTree = SDKROOT; };
		EC83B88B13698CEA00DD3355 /* CFNetwork.framework */ = {isa = PBXFileReference; lastKnownFileType = wrapper.framework; name = CFNetwork.framework; path = System/Library/Frameworks/CFNetwork.framework; sourceTree = SDKROOT; };
		EC83B88D13698CEA00DD3355 /* libresolv.dylib */ = {isa = PBXFileReference; lastKnownFileType = "compiled.mach-o.dylib"; name = libresolv.dylib; path = usr/lib/libresolv.dylib; sourceTree = SDKROOT; };
		EC83B88F13698CEA00DD3355 /* libsqlite3.0.dylib */ = {isa = PBXFileReference; lastKnownFileType = "compiled.mach-o.dylib"; name = libsqlite3.0.dylib; path = usr/lib/libsqlite3.0.dylib; sourceTree = SDKROOT; };
		EC8EBE06136849E600DC70DF /* RecentsView.xib */ = {isa = PBXFileReference; lastKnownFileType = file.xib; path = RecentsView.xib; sourceTree = "<group>"; };
		EC8EBE08136849F700DC70DF /* NumPadView.xib */ = {isa = PBXFileReference; lastKnownFileType = file.xib; path = NumPadView.xib; sourceTree = "<group>"; };
		EC8EBE0A13684A0900DC70DF /* ContactsView.xib */ = {isa = PBXFileReference; lastKnownFileType = file.xib; path = ContactsView.xib; sourceTree = "<group>"; };
		EC8EBE0C13684A1700DC70DF /* MessagesView.xib */ = {isa = PBXFileReference; lastKnownFileType = file.xib; path = MessagesView.xib; sourceTree = "<group>"; };
		EC8EBE6213685F6200DC70DF /* RecentsViewController.h */ = {isa = PBXFileReference; fileEncoding = 4; lastKnownFileType = sourcecode.c.h; path = RecentsViewController.h; sourceTree = "<group>"; };
		EC8EBE6313685F6200DC70DF /* RecentsViewController.mm */ = {isa = PBXFileReference; fileEncoding = 4; lastKnownFileType = sourcecode.cpp.objcpp; path = RecentsViewController.mm; sourceTree = "<group>"; };
		EC8EBE6513685F7600DC70DF /* NumPadViewController.h */ = {isa = PBXFileReference; fileEncoding = 4; lastKnownFileType = sourcecode.c.h; path = NumPadViewController.h; sourceTree = "<group>"; };
		EC8EBE6613685F7600DC70DF /* NumPadViewController.mm */ = {isa = PBXFileReference; fileEncoding = 4; lastKnownFileType = sourcecode.cpp.objcpp; path = NumPadViewController.mm; sourceTree = "<group>"; };
		EC8EBE6813685F8A00DC70DF /* ContactsViewController.h */ = {isa = PBXFileReference; fileEncoding = 4; lastKnownFileType = sourcecode.c.h; path = ContactsViewController.h; sourceTree = "<group>"; };
		EC8EBE6913685F8A00DC70DF /* ContactsViewController.mm */ = {isa = PBXFileReference; fileEncoding = 4; lastKnownFileType = sourcecode.cpp.objcpp; path = ContactsViewController.mm; sourceTree = "<group>"; };
		EC8EBE6B13685F9900DC70DF /* MessagesViewController.h */ = {isa = PBXFileReference; fileEncoding = 4; lastKnownFileType = sourcecode.c.h; path = MessagesViewController.h; sourceTree = "<group>"; };
		EC8EBE6C13685F9900DC70DF /* MessagesViewController.mm */ = {isa = PBXFileReference; fileEncoding = 4; lastKnownFileType = sourcecode.cpp.objcpp; path = MessagesViewController.mm; sourceTree = "<group>"; };
		EC8EBE9A1368651200DC70DF /* OnlineViewController.h */ = {isa = PBXFileReference; fileEncoding = 4; lastKnownFileType = sourcecode.c.h; path = OnlineViewController.h; sourceTree = "<group>"; };
		EC8EBE9B1368651200DC70DF /* OnlineViewController.mm */ = {isa = PBXFileReference; fileEncoding = 4; lastKnownFileType = sourcecode.cpp.objcpp; path = OnlineViewController.mm; sourceTree = "<group>"; };
		EC8EBE9C1368651200DC70DF /* OnlineView.xib */ = {isa = PBXFileReference; lastKnownFileType = file.xib; name = OnlineView.xib; path = Classes/OnlineView.xib; sourceTree = "<group>"; };
		EC8EBEE51368921400DC70DF /* ios-ngn-stack.xcodeproj */ = {isa = PBXFileReference; lastKnownFileType = "wrapper.pb-project"; name = "ios-ngn-stack.xcodeproj"; path = "../ios-ngn-stack/ios-ngn-stack.xcodeproj"; sourceTree = SOURCE_ROOT; };
/* End PBXFileReference section */

/* Begin PBXFrameworksBuildPhase section */
		1D60588F0D05DD3D006BFB54 /* Frameworks */ = {
			isa = PBXFrameworksBuildPhase;
			buildActionMask = 2147483647;
			files = (
				ECE113B31376F66C00096382 /* libios_ngn_stack.a in Frameworks */,
				ECE113B41376F66C00096382 /* libtinySAK.a in Frameworks */,
				ECE113B51376F66C00096382 /* libtinyNET.a in Frameworks */,
				ECE113B61376F66C00096382 /* libtinySDP.a in Frameworks */,
				ECE113B71376F66C00096382 /* libtinyRTP.a in Frameworks */,
				ECE113B81376F66C00096382 /* libtinyIPSec.a in Frameworks */,
				ECE113B91376F66C00096382 /* libtinyMSRP.a in Frameworks */,
				ECE113BA1376F66C00096382 /* libtinyHTTP.a in Frameworks */,
				ECE113BB1376F66C00096382 /* libtinyMEDIA.a in Frameworks */,
				ECE113BC1376F66C00096382 /* libtinySIGCOMP.a in Frameworks */,
				ECE113BD1376F66C00096382 /* libtinySMS.a in Frameworks */,
				ECE113BE1376F66C00096382 /* libtinyXCAP.a in Frameworks */,
				ECE113BF1376F66C00096382 /* libtinySIP.a in Frameworks */,
				ECE113C01376F66C00096382 /* libtinyDAV.a in Frameworks */,
				ECE113C11376F66C00096382 /* libtinyWRAP.a in Frameworks */,
				1D60589F0D05DD5A006BFB54 /* Foundation.framework in Frameworks */,
				1DF5F4E00D08C38300B7A737 /* UIKit.framework in Frameworks */,
				288765080DF74369002DB57D /* CoreGraphics.framework in Frameworks */,
				EC83B88A13698CEA00DD3355 /* AVFoundation.framework in Frameworks */,
				EC83B88C13698CEA00DD3355 /* CFNetwork.framework in Frameworks */,
				EC83B88E13698CEA00DD3355 /* libresolv.dylib in Frameworks */,
				EC83B89013698CEA00DD3355 /* libsqlite3.0.dylib in Frameworks */,
			);
			runOnlyForDeploymentPostprocessing = 0;
		};
/* End PBXFrameworksBuildPhase section */

/* Begin PBXGroup section */
		080E96DDFE201D6D7F000001 /* Classes */ = {
			isa = PBXGroup;
			children = (
				EC83B7F3136980CC00DD3355 /* idoubsAppDelegate.mm */,
				1D3623240D0F684500981E51 /* idoubsAppDelegate.h */,
				EC8EBE6213685F6200DC70DF /* RecentsViewController.h */,
				EC8EBE6313685F6200DC70DF /* RecentsViewController.mm */,
				EC8EBE6513685F7600DC70DF /* NumPadViewController.h */,
				EC8EBE6613685F7600DC70DF /* NumPadViewController.mm */,
				EC8EBE6813685F8A00DC70DF /* ContactsViewController.h */,
				EC8EBE6913685F8A00DC70DF /* ContactsViewController.mm */,
				EC8EBE6B13685F9900DC70DF /* MessagesViewController.h */,
				EC8EBE6C13685F9900DC70DF /* MessagesViewController.mm */,
				EC8EBE9A1368651200DC70DF /* OnlineViewController.h */,
				EC8EBE9B1368651200DC70DF /* OnlineViewController.mm */,
			);
			path = Classes;
			sourceTree = "<group>";
		};
		19C28FACFE9D520D11CA2CBB /* Products */ = {
			isa = PBXGroup;
			children = (
				1D6058910D05DD3D006BFB54 /* idoubs.app */,
			);
			name = Products;
			sourceTree = "<group>";
		};
		29B97314FDCFA39411CA2CEA /* idoubs */ = {
			isa = PBXGroup;
			children = (
				EC8EBEE51368921400DC70DF /* ios-ngn-stack.xcodeproj */,
				080E96DDFE201D6D7F000001 /* Classes */,
				29B97315FDCFA39411CA2CEA /* Other Sources */,
				29B97317FDCFA39411CA2CEA /* Resources */,
				29B97323FDCFA39411CA2CEA /* Frameworks */,
				19C28FACFE9D520D11CA2CBB /* Products */,
			);
			name = idoubs;
			sourceTree = "<group>";
		};
		29B97315FDCFA39411CA2CEA /* Other Sources */ = {
			isa = PBXGroup;
			children = (
				28A0AB4B0D9B1048005BE974 /* idoubs_Prefix.pch */,
				29B97316FDCFA39411CA2CEA /* main.m */,
			);
			name = "Other Sources";
			sourceTree = "<group>";
		};
		29B97317FDCFA39411CA2CEA /* Resources */ = {
			isa = PBXGroup;
			children = (
				EC8EBE9C1368651200DC70DF /* OnlineView.xib */,
				2840D7CD1179279E00D7F93C /* FirstView.xib */,
				282CCBFD0DB6C98000C4EA27 /* SecondView.xib */,
				8D1107310486CEB800E47090 /* idoubs-Info.plist */,
				EC8EBE06136849E600DC70DF /* RecentsView.xib */,
				EC8EBE08136849F700DC70DF /* NumPadView.xib */,
				EC8EBE0A13684A0900DC70DF /* ContactsView.xib */,
				EC8EBE0C13684A1700DC70DF /* MessagesView.xib */,
				EC6AD68A136B3A8E00617B95 /* MainWindow.xib */,
			);
			name = Resources;
			sourceTree = "<group>";
		};
		29B97323FDCFA39411CA2CEA /* Frameworks */ = {
			isa = PBXGroup;
			children = (
				EC83B88D13698CEA00DD3355 /* libresolv.dylib */,
				EC83B88F13698CEA00DD3355 /* libsqlite3.0.dylib */,
				EC83B88B13698CEA00DD3355 /* CFNetwork.framework */,
				EC83B88913698CEA00DD3355 /* AVFoundation.framework */,
				1DF5F4DF0D08C38300B7A737 /* UIKit.framework */,
				1D30AB110D05D00D00671497 /* Foundation.framework */,
				288765070DF74369002DB57D /* CoreGraphics.framework */,
			);
			name = Frameworks;
			sourceTree = "<group>";
		};
		EC8EBEE61368921400DC70DF /* Products */ = {
			isa = PBXGroup;
			children = (
				EC8EBEF91368921400DC70DF /* libios_ngn_stack.a */,
				EC8EBEFB1368921400DC70DF /* libtinySAK.a */,
				EC8EBEFD1368921400DC70DF /* libtinyNET.a */,
				EC8EBEFF1368921400DC70DF /* libtinySDP.a */,
				EC8EBF011368921400DC70DF /* libtinyRTP.a */,
				EC8EBF031368921400DC70DF /* libtinyIPSec.a */,
				EC8EBF051368921400DC70DF /* libtinyMSRP.a */,
				EC8EBF071368921400DC70DF /* libtinyHTTP.a */,
				EC8EBF091368921400DC70DF /* libtinyMEDIA.a */,
				EC8EBF0B1368921400DC70DF /* libtinySIGCOMP.a */,
				EC8EBF0D1368921400DC70DF /* libtinySMS.a */,
				EC8EBF0F1368921400DC70DF /* libtinyXCAP.a */,
				EC8EBF111368921400DC70DF /* libtinySIP.a */,
				EC8EBF131368921400DC70DF /* libtinyDAV.a */,
				EC8EBF151368921400DC70DF /* libtinyWRAP.a */,
				EC83BA31136990F800DD3355 /* testRegistration.app */,
				EC83BA33136990F800DD3355 /* testAudioCall.app */,
				EC83BA35136990F800DD3355 /* testVideoCall.app */,
				EC81BD57136C5B3E0068BCB4 /* testAudioUnit.app */,
			);
			name = Products;
			sourceTree = "<group>";
		};
/* End PBXGroup section */

/* Begin PBXNativeTarget section */
		1D6058900D05DD3D006BFB54 /* idoubs */ = {
			isa = PBXNativeTarget;
			buildConfigurationList = 1D6058960D05DD3E006BFB54 /* Build configuration list for PBXNativeTarget "idoubs" */;
			buildPhases = (
				1D60588D0D05DD3D006BFB54 /* Resources */,
				1D60588E0D05DD3D006BFB54 /* Sources */,
				1D60588F0D05DD3D006BFB54 /* Frameworks */,
			);
			buildRules = (
			);
			dependencies = (
				EC8EBF1D136893A500DC70DF /* PBXTargetDependency */,
				EC83B8181369851A00DD3355 /* PBXTargetDependency */,
				EC83B8081369822300DD3355 /* PBXTargetDependency */,
				EC83B81A1369851A00DD3355 /* PBXTargetDependency */,
				EC83B81C1369851A00DD3355 /* PBXTargetDependency */,
				EC83B81E1369851A00DD3355 /* PBXTargetDependency */,
				EC83B8201369851A00DD3355 /* PBXTargetDependency */,
				EC83B8221369851A00DD3355 /* PBXTargetDependency */,
				EC83B8241369851A00DD3355 /* PBXTargetDependency */,
				EC83B8261369851A00DD3355 /* PBXTargetDependency */,
				EC83B8281369851A00DD3355 /* PBXTargetDependency */,
				EC83B82A1369851A00DD3355 /* PBXTargetDependency */,
				EC83B82C1369851A00DD3355 /* PBXTargetDependency */,
				EC83B82E1369851A00DD3355 /* PBXTargetDependency */,
				EC83B8301369851A00DD3355 /* PBXTargetDependency */,
			);
			name = idoubs;
			productName = idoubs;
			productReference = 1D6058910D05DD3D006BFB54 /* idoubs.app */;
			productType = "com.apple.product-type.application";
		};
/* End PBXNativeTarget section */

/* Begin PBXProject section */
		29B97313FDCFA39411CA2CEA /* Project object */ = {
			isa = PBXProject;
			attributes = {
				ORGANIZATIONNAME = "Doubango Telecom";
			};
			buildConfigurationList = C01FCF4E08A954540054247B /* Build configuration list for PBXProject "idoubs" */;
			compatibilityVersion = "Xcode 3.1";
			developmentRegion = English;
			hasScannedForEncodings = 1;
			knownRegions = (
				English,
				Japanese,
				French,
				German,
			);
			mainGroup = 29B97314FDCFA39411CA2CEA /* idoubs */;
			projectDirPath = "";
			projectReferences = (
				{
					ProductGroup = EC8EBEE61368921400DC70DF /* Products */;
					ProjectRef = EC8EBEE51368921400DC70DF /* ios-ngn-stack.xcodeproj */;
				},
			);
			projectRoot = "";
			targets = (
				1D6058900D05DD3D006BFB54 /* idoubs */,
				EC8EBD741368447E00DC70DF /* Doubango */,
				ECB72B5F1373487500C4CA0C /* Ngn */,
			);
		};
/* End PBXProject section */

/* Begin PBXReferenceProxy section */
		EC81BD57136C5B3E0068BCB4 /* testAudioUnit.app */ = {
			isa = PBXReferenceProxy;
			fileType = wrapper.application;
			path = testAudioUnit.app;
			remoteRef = EC81BD56136C5B3E0068BCB4 /* PBXContainerItemProxy */;
			sourceTree = BUILT_PRODUCTS_DIR;
		};
		EC83BA31136990F800DD3355 /* testRegistration.app */ = {
			isa = PBXReferenceProxy;
			fileType = wrapper.application;
			path = testRegistration.app;
			remoteRef = EC83BA30136990F800DD3355 /* PBXContainerItemProxy */;
			sourceTree = BUILT_PRODUCTS_DIR;
		};
		EC83BA33136990F800DD3355 /* testAudioCall.app */ = {
			isa = PBXReferenceProxy;
			fileType = wrapper.application;
			path = testAudioCall.app;
			remoteRef = EC83BA32136990F800DD3355 /* PBXContainerItemProxy */;
			sourceTree = BUILT_PRODUCTS_DIR;
		};
		EC83BA35136990F800DD3355 /* testVideoCall.app */ = {
			isa = PBXReferenceProxy;
			fileType = wrapper.application;
			path = testVideoCall.app;
			remoteRef = EC83BA34136990F800DD3355 /* PBXContainerItemProxy */;
			sourceTree = BUILT_PRODUCTS_DIR;
		};
		EC8EBEF91368921400DC70DF /* libios_ngn_stack.a */ = {
			isa = PBXReferenceProxy;
			fileType = archive.ar;
			path = libios_ngn_stack.a;
			remoteRef = EC8EBEF81368921400DC70DF /* PBXContainerItemProxy */;
			sourceTree = BUILT_PRODUCTS_DIR;
		};
		EC8EBEFB1368921400DC70DF /* libtinySAK.a */ = {
			isa = PBXReferenceProxy;
			fileType = archive.ar;
			path = libtinySAK.a;
			remoteRef = EC8EBEFA1368921400DC70DF /* PBXContainerItemProxy */;
			sourceTree = BUILT_PRODUCTS_DIR;
		};
		EC8EBEFD1368921400DC70DF /* libtinyNET.a */ = {
			isa = PBXReferenceProxy;
			fileType = archive.ar;
			path = libtinyNET.a;
			remoteRef = EC8EBEFC1368921400DC70DF /* PBXContainerItemProxy */;
			sourceTree = BUILT_PRODUCTS_DIR;
		};
		EC8EBEFF1368921400DC70DF /* libtinySDP.a */ = {
			isa = PBXReferenceProxy;
			fileType = archive.ar;
			path = libtinySDP.a;
			remoteRef = EC8EBEFE1368921400DC70DF /* PBXContainerItemProxy */;
			sourceTree = BUILT_PRODUCTS_DIR;
		};
		EC8EBF011368921400DC70DF /* libtinyRTP.a */ = {
			isa = PBXReferenceProxy;
			fileType = archive.ar;
			path = libtinyRTP.a;
			remoteRef = EC8EBF001368921400DC70DF /* PBXContainerItemProxy */;
			sourceTree = BUILT_PRODUCTS_DIR;
		};
		EC8EBF031368921400DC70DF /* libtinyIPSec.a */ = {
			isa = PBXReferenceProxy;
			fileType = archive.ar;
			path = libtinyIPSec.a;
			remoteRef = EC8EBF021368921400DC70DF /* PBXContainerItemProxy */;
			sourceTree = BUILT_PRODUCTS_DIR;
		};
		EC8EBF051368921400DC70DF /* libtinyMSRP.a */ = {
			isa = PBXReferenceProxy;
			fileType = archive.ar;
			path = libtinyMSRP.a;
			remoteRef = EC8EBF041368921400DC70DF /* PBXContainerItemProxy */;
			sourceTree = BUILT_PRODUCTS_DIR;
		};
		EC8EBF071368921400DC70DF /* libtinyHTTP.a */ = {
			isa = PBXReferenceProxy;
			fileType = archive.ar;
			path = libtinyHTTP.a;
			remoteRef = EC8EBF061368921400DC70DF /* PBXContainerItemProxy */;
			sourceTree = BUILT_PRODUCTS_DIR;
		};
		EC8EBF091368921400DC70DF /* libtinyMEDIA.a */ = {
			isa = PBXReferenceProxy;
			fileType = archive.ar;
			path = libtinyMEDIA.a;
			remoteRef = EC8EBF081368921400DC70DF /* PBXContainerItemProxy */;
			sourceTree = BUILT_PRODUCTS_DIR;
		};
		EC8EBF0B1368921400DC70DF /* libtinySIGCOMP.a */ = {
			isa = PBXReferenceProxy;
			fileType = archive.ar;
			path = libtinySIGCOMP.a;
			remoteRef = EC8EBF0A1368921400DC70DF /* PBXContainerItemProxy */;
			sourceTree = BUILT_PRODUCTS_DIR;
		};
		EC8EBF0D1368921400DC70DF /* libtinySMS.a */ = {
			isa = PBXReferenceProxy;
			fileType = archive.ar;
			path = libtinySMS.a;
			remoteRef = EC8EBF0C1368921400DC70DF /* PBXContainerItemProxy */;
			sourceTree = BUILT_PRODUCTS_DIR;
		};
		EC8EBF0F1368921400DC70DF /* libtinyXCAP.a */ = {
			isa = PBXReferenceProxy;
			fileType = archive.ar;
			path = libtinyXCAP.a;
			remoteRef = EC8EBF0E1368921400DC70DF /* PBXContainerItemProxy */;
			sourceTree = BUILT_PRODUCTS_DIR;
		};
		EC8EBF111368921400DC70DF /* libtinySIP.a */ = {
			isa = PBXReferenceProxy;
			fileType = archive.ar;
			path = libtinySIP.a;
			remoteRef = EC8EBF101368921400DC70DF /* PBXContainerItemProxy */;
			sourceTree = BUILT_PRODUCTS_DIR;
		};
		EC8EBF131368921400DC70DF /* libtinyDAV.a */ = {
			isa = PBXReferenceProxy;
			fileType = archive.ar;
			path = libtinyDAV.a;
			remoteRef = EC8EBF121368921400DC70DF /* PBXContainerItemProxy */;
			sourceTree = BUILT_PRODUCTS_DIR;
		};
		EC8EBF151368921400DC70DF /* libtinyWRAP.a */ = {
			isa = PBXReferenceProxy;
			fileType = archive.ar;
			path = libtinyWRAP.a;
			remoteRef = EC8EBF141368921400DC70DF /* PBXContainerItemProxy */;
			sourceTree = BUILT_PRODUCTS_DIR;
		};
/* End PBXReferenceProxy section */

/* Begin PBXResourcesBuildPhase section */
		1D60588D0D05DD3D006BFB54 /* Resources */ = {
			isa = PBXResourcesBuildPhase;
			buildActionMask = 2147483647;
			files = (
				282CCBFE0DB6C98000C4EA27 /* SecondView.xib in Resources */,
				2840D7CE1179279E00D7F93C /* FirstView.xib in Resources */,
				EC8EBE07136849E600DC70DF /* RecentsView.xib in Resources */,
				EC8EBE09136849F700DC70DF /* NumPadView.xib in Resources */,
				EC8EBE0B13684A0900DC70DF /* ContactsView.xib in Resources */,
				EC8EBE0D13684A1700DC70DF /* MessagesView.xib in Resources */,
				EC8EBE9E1368651200DC70DF /* OnlineView.xib in Resources */,
				EC6AD68B136B3A8E00617B95 /* MainWindow.xib in Resources */,
			);
			runOnlyForDeploymentPostprocessing = 0;
		};
/* End PBXResourcesBuildPhase section */

/* Begin PBXSourcesBuildPhase section */
		1D60588E0D05DD3D006BFB54 /* Sources */ = {
			isa = PBXSourcesBuildPhase;
			buildActionMask = 2147483647;
			files = (
				1D60589B0D05DD56006BFB54 /* main.m in Sources */,
				EC8EBE6413685F6200DC70DF /* RecentsViewController.mm in Sources */,
				EC8EBE6713685F7600DC70DF /* NumPadViewController.mm in Sources */,
				EC8EBE6A13685F8A00DC70DF /* ContactsViewController.mm in Sources */,
				EC8EBE6D13685F9900DC70DF /* MessagesViewController.mm in Sources */,
				EC8EBE9D1368651200DC70DF /* OnlineViewController.mm in Sources */,
				EC83B7F4136980CC00DD3355 /* idoubsAppDelegate.mm in Sources */,
			);
			runOnlyForDeploymentPostprocessing = 0;
		};
/* End PBXSourcesBuildPhase section */

/* Begin PBXTargetDependency section */
		EC83B7CC13697BA900DD3355 /* PBXTargetDependency */ = {
			isa = PBXTargetDependency;
			name = tinySAK;
			targetProxy = EC83B7CB13697BA900DD3355 /* PBXContainerItemProxy */;
		};
		EC83B7CE13697BA900DD3355 /* PBXTargetDependency */ = {
			isa = PBXTargetDependency;
			name = tinyNET;
			targetProxy = EC83B7CD13697BA900DD3355 /* PBXContainerItemProxy */;
		};
		EC83B7D013697BA900DD3355 /* PBXTargetDependency */ = {
			isa = PBXTargetDependency;
			name = tinySDP;
			targetProxy = EC83B7CF13697BA900DD3355 /* PBXContainerItemProxy */;
		};
		EC83B7D213697BA900DD3355 /* PBXTargetDependency */ = {
			isa = PBXTargetDependency;
			name = tinyRTP;
			targetProxy = EC83B7D113697BA900DD3355 /* PBXContainerItemProxy */;
		};
		EC83B7D413697BA900DD3355 /* PBXTargetDependency */ = {
			isa = PBXTargetDependency;
			name = tinyIPSec;
			targetProxy = EC83B7D313697BA900DD3355 /* PBXContainerItemProxy */;
		};
		EC83B7D613697BA900DD3355 /* PBXTargetDependency */ = {
			isa = PBXTargetDependency;
			name = tinyMSRP;
			targetProxy = EC83B7D513697BA900DD3355 /* PBXContainerItemProxy */;
		};
		EC83B7D813697BA900DD3355 /* PBXTargetDependency */ = {
			isa = PBXTargetDependency;
			name = tinyHTTP;
			targetProxy = EC83B7D713697BA900DD3355 /* PBXContainerItemProxy */;
		};
		EC83B7DA13697BA900DD3355 /* PBXTargetDependency */ = {
			isa = PBXTargetDependency;
			name = tinyMEDIA;
			targetProxy = EC83B7D913697BA900DD3355 /* PBXContainerItemProxy */;
		};
		EC83B7DC13697BA900DD3355 /* PBXTargetDependency */ = {
			isa = PBXTargetDependency;
			name = tinySIGCOMP;
			targetProxy = EC83B7DB13697BA900DD3355 /* PBXContainerItemProxy */;
		};
		EC83B7DE13697BA900DD3355 /* PBXTargetDependency */ = {
			isa = PBXTargetDependency;
			name = tinySMS;
			targetProxy = EC83B7DD13697BA900DD3355 /* PBXContainerItemProxy */;
		};
		EC83B7E013697BA900DD3355 /* PBXTargetDependency */ = {
			isa = PBXTargetDependency;
			name = tinyXCAP;
			targetProxy = EC83B7DF13697BA900DD3355 /* PBXContainerItemProxy */;
		};
		EC83B7E213697BA900DD3355 /* PBXTargetDependency */ = {
			isa = PBXTargetDependency;
			name = tinySIP;
			targetProxy = EC83B7E113697BA900DD3355 /* PBXContainerItemProxy */;
		};
		EC83B7E413697BA900DD3355 /* PBXTargetDependency */ = {
			isa = PBXTargetDependency;
			name = tinyDAV;
			targetProxy = EC83B7E313697BA900DD3355 /* PBXContainerItemProxy */;
		};
		EC83B7E613697BA900DD3355 /* PBXTargetDependency */ = {
			isa = PBXTargetDependency;
			name = tinyWRAP;
			targetProxy = EC83B7E513697BA900DD3355 /* PBXContainerItemProxy */;
		};
		EC83B8081369822300DD3355 /* PBXTargetDependency */ = {
			isa = PBXTargetDependency;
			name = tinySAK;
			targetProxy = EC83B8071369822300DD3355 /* PBXContainerItemProxy */;
		};
		EC83B8181369851A00DD3355 /* PBXTargetDependency */ = {
			isa = PBXTargetDependency;
			name = tinyNET;
			targetProxy = EC83B8171369851A00DD3355 /* PBXContainerItemProxy */;
		};
		EC83B81A1369851A00DD3355 /* PBXTargetDependency */ = {
			isa = PBXTargetDependency;
			name = tinySDP;
			targetProxy = EC83B8191369851A00DD3355 /* PBXContainerItemProxy */;
		};
		EC83B81C1369851A00DD3355 /* PBXTargetDependency */ = {
			isa = PBXTargetDependency;
			name = tinyRTP;
			targetProxy = EC83B81B1369851A00DD3355 /* PBXContainerItemProxy */;
		};
		EC83B81E1369851A00DD3355 /* PBXTargetDependency */ = {
			isa = PBXTargetDependency;
			name = tinyIPSec;
			targetProxy = EC83B81D1369851A00DD3355 /* PBXContainerItemProxy */;
		};
		EC83B8201369851A00DD3355 /* PBXTargetDependency */ = {
			isa = PBXTargetDependency;
			name = tinyMSRP;
			targetProxy = EC83B81F1369851A00DD3355 /* PBXContainerItemProxy */;
		};
		EC83B8221369851A00DD3355 /* PBXTargetDependency */ = {
			isa = PBXTargetDependency;
			name = tinyHTTP;
			targetProxy = EC83B8211369851A00DD3355 /* PBXContainerItemProxy */;
		};
		EC83B8241369851A00DD3355 /* PBXTargetDependency */ = {
			isa = PBXTargetDependency;
			name = tinyMEDIA;
			targetProxy = EC83B8231369851A00DD3355 /* PBXContainerItemProxy */;
		};
		EC83B8261369851A00DD3355 /* PBXTargetDependency */ = {
			isa = PBXTargetDependency;
			name = tinySIGCOMP;
			targetProxy = EC83B8251369851A00DD3355 /* PBXContainerItemProxy */;
		};
		EC83B8281369851A00DD3355 /* PBXTargetDependency */ = {
			isa = PBXTargetDependency;
			name = tinySMS;
			targetProxy = EC83B8271369851A00DD3355 /* PBXContainerItemProxy */;
		};
		EC83B82A1369851A00DD3355 /* PBXTargetDependency */ = {
			isa = PBXTargetDependency;
			name = tinyXCAP;
			targetProxy = EC83B8291369851A00DD3355 /* PBXContainerItemProxy */;
		};
		EC83B82C1369851A00DD3355 /* PBXTargetDependency */ = {
			isa = PBXTargetDependency;
			name = tinySIP;
			targetProxy = EC83B82B1369851A00DD3355 /* PBXContainerItemProxy */;
		};
		EC83B82E1369851A00DD3355 /* PBXTargetDependency */ = {
			isa = PBXTargetDependency;
			name = tinyDAV;
			targetProxy = EC83B82D1369851A00DD3355 /* PBXContainerItemProxy */;
		};
		EC83B8301369851A00DD3355 /* PBXTargetDependency */ = {
			isa = PBXTargetDependency;
			name = tinyWRAP;
			targetProxy = EC83B82F1369851A00DD3355 /* PBXContainerItemProxy */;
		};
		EC8EBF1D136893A500DC70DF /* PBXTargetDependency */ = {
			isa = PBXTargetDependency;
			name = "ios-ngn-stack";
			targetProxy = EC8EBF1C136893A500DC70DF /* PBXContainerItemProxy */;
		};
		ECB72B631373487900C4CA0C /* PBXTargetDependency */ = {
			isa = PBXTargetDependency;
			name = "ios-ngn-stack";
			targetProxy = ECB72B621373487900C4CA0C /* PBXContainerItemProxy */;
		};
/* End PBXTargetDependency section */

/* Begin XCBuildConfiguration section */
		1D6058940D05DD3E006BFB54 /* Debug */ = {
			isa = XCBuildConfiguration;
			buildSettings = {
				ALWAYS_SEARCH_USER_PATHS = NO;
				COPY_PHASE_STRIP = NO;
				GCC_DYNAMIC_NO_PIC = NO;
				GCC_OPTIMIZATION_LEVEL = 0;
				GCC_PRECOMPILE_PREFIX_HEADER = YES;
				GCC_PREFIX_HEADER = idoubs_Prefix.pch;
				HEADER_SEARCH_PATHS = (
					$IOS_NGN_STACK_HOME,
					$DOUBANGO_HOME/bindings/_common,
					$DOUBANGO_HOME/tinySDP/include,
					$DOUBANGO_HOME/tinySMS/include,
					$DOUBANGO_HOME/tinyHTTP/include,
					$DOUBANGO_HOME/tinySIP/include,
					$DOUBANGO/HOME/tinyMSRP/include,
					$DOUBANGO_HOME/tinyMEDIA/include,
					$DOUBANGO_HOME/tinyNET/src,
					$DOUBANGO_HOME/tinySAK/src,
					$DOUBANGO_HOME/tinyDAV/include,
				);
				INFOPLIST_FILE = "idoubs-Info.plist";
				LIBRARY_SEARCH_PATHS = (
					"$(inherited)",
					$DOUBANGO_LIBS,
				);
				OTHER_LDFLAGS = (
					"-lspeexdsp",
					"-framework",
					Foundation,
					"-framework",
					UIKit,
				);
				PRODUCT_NAME = idoubs;
			};
			name = Debug;
		};
		1D6058950D05DD3E006BFB54 /* Release */ = {
			isa = XCBuildConfiguration;
			buildSettings = {
				ALWAYS_SEARCH_USER_PATHS = NO;
				COPY_PHASE_STRIP = YES;
				GCC_PRECOMPILE_PREFIX_HEADER = YES;
				GCC_PREFIX_HEADER = idoubs_Prefix.pch;
				INFOPLIST_FILE = "idoubs-Info.plist";
				LIBRARY_SEARCH_PATHS = (
					"$(inherited)",
					"\"$(SRCROOT)/../ios-ngn-stack/build/Debug-iphonesimulator\"",
				);
				PRODUCT_NAME = idoubs;
				VALIDATE_PRODUCT = YES;
			};
			name = Release;
		};
		C01FCF4F08A954540054247B /* Debug */ = {
			isa = XCBuildConfiguration;
			buildSettings = {
				ARCHS = "$(ARCHS_STANDARD_32_BIT)";
				"CODE_SIGN_IDENTITY[sdk=iphoneos*]" = "iPhone Developer";
				DOUBANGO_HOME = ../../../../../doubango/branches/2.0/doubango;
				DOUBANGO_LIBS = $DOUBANGO_HOME/thirdparties/iphone/lib/i386;
				"DOUBANGO_LIBS[arch=armv6]" = $DOUBANGO_HOME/thirdparties/iphone/lib/armv6;
				"DOUBANGO_LIBS[arch=armv7]" = $DOUBANGO_HOME/thirdparties/iphone/lib/armv7;
				"DOUBANGO_LIBS[sdk=iphonesimulator*][arch=*]" = $DOUBANGO_HOME/thirdparties/iphone/lib/i386;
				GCC_C_LANGUAGE_STANDARD = c99;
				GCC_WARN_ABOUT_RETURN_TYPE = YES;
				GCC_WARN_UNUSED_VARIABLE = YES;
				IOS_NGN_STACK_HOME = "../ios-ngn-stack";
				PREBINDING = NO;
				SDKROOT = iphoneos;
			};
			name = Debug;
		};
		C01FCF5008A954540054247B /* Release */ = {
			isa = XCBuildConfiguration;
			buildSettings = {
				ARCHS = "$(ARCHS_STANDARD_32_BIT)";
				"CODE_SIGN_IDENTITY[sdk=iphoneos*]" = "iPhone Developer";
				GCC_C_LANGUAGE_STANDARD = c99;
				GCC_WARN_ABOUT_RETURN_TYPE = YES;
				GCC_WARN_UNUSED_VARIABLE = YES;
				OTHER_CFLAGS = "-DNS_BLOCK_ASSERTIONS=1";
				PREBINDING = NO;
				SDKROOT = iphoneos;
			};
			name = Release;
		};
		EC8EBD751368447E00DC70DF /* Debug */ = {
			isa = XCBuildConfiguration;
			buildSettings = {
				COPY_PHASE_STRIP = NO;
				GCC_DYNAMIC_NO_PIC = NO;
				GCC_OPTIMIZATION_LEVEL = 0;
				PRODUCT_NAME = Doubango;
			};
			name = Debug;
		};
		EC8EBD761368447E00DC70DF /* Release */ = {
			isa = XCBuildConfiguration;
			buildSettings = {
				COPY_PHASE_STRIP = YES;
				DEBUG_INFORMATION_FORMAT = "dwarf-with-dsym";
				GCC_ENABLE_FIX_AND_CONTINUE = NO;
				PRODUCT_NAME = Doubango;
				ZERO_LINK = NO;
			};
			name = Release;
		};
		ECB72B601373487500C4CA0C /* Debug */ = {
			isa = XCBuildConfiguration;
			buildSettings = {
				COPY_PHASE_STRIP = NO;
				GCC_DYNAMIC_NO_PIC = NO;
				GCC_OPTIMIZATION_LEVEL = 0;
				PRODUCT_NAME = Ngn;
			};
			name = Debug;
		};
		ECB72B611373487500C4CA0C /* Release */ = {
			isa = XCBuildConfiguration;
			buildSettings = {
				COPY_PHASE_STRIP = YES;
				DEBUG_INFORMATION_FORMAT = "dwarf-with-dsym";
				GCC_ENABLE_FIX_AND_CONTINUE = NO;
				PRODUCT_NAME = Ngn;
				ZERO_LINK = NO;
			};
			name = Release;
		};
/* End XCBuildConfiguration section */

/* Begin XCConfigurationList section */
		1D6058960D05DD3E006BFB54 /* Build configuration list for PBXNativeTarget "idoubs" */ = {
			isa = XCConfigurationList;
			buildConfigurations = (
				1D6058940D05DD3E006BFB54 /* Debug */,
				1D6058950D05DD3E006BFB54 /* Release */,
			);
			defaultConfigurationIsVisible = 0;
			defaultConfigurationName = Release;
		};
		C01FCF4E08A954540054247B /* Build configuration list for PBXProject "idoubs" */ = {
			isa = XCConfigurationList;
			buildConfigurations = (
				C01FCF4F08A954540054247B /* Debug */,
				C01FCF5008A954540054247B /* Release */,
			);
			defaultConfigurationIsVisible = 0;
			defaultConfigurationName = Release;
		};
		EC8EBDBC136844A200DC70DF /* Build configuration list for PBXAggregateTarget "Doubango" */ = {
			isa = XCConfigurationList;
			buildConfigurations = (
				EC8EBD751368447E00DC70DF /* Debug */,
				EC8EBD761368447E00DC70DF /* Release */,
			);
			defaultConfigurationIsVisible = 0;
			defaultConfigurationName = Release;
		};
		ECB72B681373489800C4CA0C /* Build configuration list for PBXAggregateTarget "Ngn" */ = {
			isa = XCConfigurationList;
			buildConfigurations = (
				ECB72B601373487500C4CA0C /* Debug */,
				ECB72B611373487500C4CA0C /* Release */,
			);
			defaultConfigurationIsVisible = 0;
			defaultConfigurationName = Release;
		};
/* End XCConfigurationList section */
	};
	rootObject = 29B97313FDCFA39411CA2CEA /* Project object */;
}
